// !$*UTF8*$!
{
	archiveVersion = 1;
	classes = {
	};
	objectVersion = 50;
	objects = {

/* Begin PBXBuildFile section */
		3941876E68EB25A0908B44F3 /* Pods_DriveShare.framework in Frameworks */ = {isa = PBXBuildFile; fileRef = 5844443CE8C59727F15F6380 /* Pods_DriveShare.framework */; };
		463E355A223550D4008ADB3C /* AppDelegate.swift in Sources */ = {isa = PBXBuildFile; fileRef = 463E3559223550D4008ADB3C /* AppDelegate.swift */; };
		463E355C223550D4008ADB3C /* ViewController.swift in Sources */ = {isa = PBXBuildFile; fileRef = 463E355B223550D4008ADB3C /* ViewController.swift */; };
		463E355F223550D4008ADB3C /* Main.storyboard in Resources */ = {isa = PBXBuildFile; fileRef = 463E355D223550D4008ADB3C /* Main.storyboard */; };
		463E3561223550D5008ADB3C /* Assets.xcassets in Resources */ = {isa = PBXBuildFile; fileRef = 463E3560223550D5008ADB3C /* Assets.xcassets */; };
		463E3564223550D5008ADB3C /* LaunchScreen.storyboard in Resources */ = {isa = PBXBuildFile; fileRef = 463E3562223550D5008ADB3C /* LaunchScreen.storyboard */; };
		463E356E2235525A008ADB3C /* ConectViewController.swift in Sources */ = {isa = PBXBuildFile; fileRef = 463E356D2235525A008ADB3C /* ConectViewController.swift */; };
		463E3570223552E7008ADB3C /* OwnerHomeViewController.swift in Sources */ = {isa = PBXBuildFile; fileRef = 463E356F223552E7008ADB3C /* OwnerHomeViewController.swift */; };
		463E357222355320008ADB3C /* Constants.swift in Sources */ = {isa = PBXBuildFile; fileRef = 463E357122355320008ADB3C /* Constants.swift */; };
/* End PBXBuildFile section */

/* Begin PBXFileReference section */
		463E3556223550D4008ADB3C /* DriveShare.app */ = {isa = PBXFileReference; explicitFileType = wrapper.application; includeInIndex = 0; path = DriveShare.app; sourceTree = BUILT_PRODUCTS_DIR; };
		463E3559223550D4008ADB3C /* AppDelegate.swift */ = {isa = PBXFileReference; lastKnownFileType = sourcecode.swift; path = AppDelegate.swift; sourceTree = "<group>"; };
		463E355B223550D4008ADB3C /* ViewController.swift */ = {isa = PBXFileReference; lastKnownFileType = sourcecode.swift; path = ViewController.swift; sourceTree = "<group>"; };
		463E355E223550D4008ADB3C /* Base */ = {isa = PBXFileReference; lastKnownFileType = file.storyboard; name = Base; path = Base.lproj/Main.storyboard; sourceTree = "<group>"; };
		463E3560223550D5008ADB3C /* Assets.xcassets */ = {isa = PBXFileReference; lastKnownFileType = folder.assetcatalog; path = Assets.xcassets; sourceTree = "<group>"; };
		463E3563223550D5008ADB3C /* Base */ = {isa = PBXFileReference; lastKnownFileType = file.storyboard; name = Base; path = Base.lproj/LaunchScreen.storyboard; sourceTree = "<group>"; };
		463E3565223550D5008ADB3C /* Info.plist */ = {isa = PBXFileReference; lastKnownFileType = text.plist.xml; path = Info.plist; sourceTree = "<group>"; };
		463E356D2235525A008ADB3C /* ConectViewController.swift */ = {isa = PBXFileReference; lastKnownFileType = sourcecode.swift; path = ConectViewController.swift; sourceTree = "<group>"; };
		463E356F223552E7008ADB3C /* OwnerHomeViewController.swift */ = {isa = PBXFileReference; lastKnownFileType = sourcecode.swift; path = OwnerHomeViewController.swift; sourceTree = "<group>"; };
		463E357122355320008ADB3C /* Constants.swift */ = {isa = PBXFileReference; lastKnownFileType = sourcecode.swift; path = Constants.swift; sourceTree = "<group>"; };
		5844443CE8C59727F15F6380 /* Pods_DriveShare.framework */ = {isa = PBXFileReference; explicitFileType = wrapper.framework; includeInIndex = 0; path = Pods_DriveShare.framework; sourceTree = BUILT_PRODUCTS_DIR; };
		618B09C1EFBE55679FE0DFD5 /* Pods-DriveShare.release.xcconfig */ = {isa = PBXFileReference; includeInIndex = 1; lastKnownFileType = text.xcconfig; name = "Pods-DriveShare.release.xcconfig"; path = "Pods/Target Support Files/Pods-DriveShare/Pods-DriveShare.release.xcconfig"; sourceTree = "<group>"; };
		7A30AB3810DF1B8671CF5D5D /* Pods-DriveShare.debug.xcconfig */ = {isa = PBXFileReference; includeInIndex = 1; lastKnownFileType = text.xcconfig; name = "Pods-DriveShare.debug.xcconfig"; path = "Pods/Target Support Files/Pods-DriveShare/Pods-DriveShare.debug.xcconfig"; sourceTree = "<group>"; };
/* End PBXFileReference section */

/* Begin PBXFrameworksBuildPhase section */
		463E3553223550D4008ADB3C /* Frameworks */ = {
			isa = PBXFrameworksBuildPhase;
			buildActionMask = 2147483647;
			files = (
				3941876E68EB25A0908B44F3 /* Pods_DriveShare.framework in Frameworks */,
			);
			runOnlyForDeploymentPostprocessing = 0;
		};
/* End PBXFrameworksBuildPhase section */

/* Begin PBXGroup section */
		333A6C249DBB4B96BF46EF0B /* Frameworks */ = {
			isa = PBXGroup;
			children = (
				5844443CE8C59727F15F6380 /* Pods_DriveShare.framework */,
			);
			name = Frameworks;
			sourceTree = "<group>";
		};
		463E354D223550D4008ADB3C = {
			isa = PBXGroup;
			children = (
				463E3558223550D4008ADB3C /* DriveShare */,
				463E3557223550D4008ADB3C /* Products */,
				BE80ADF3C696A62A37C1095E /* Pods */,
				333A6C249DBB4B96BF46EF0B /* Frameworks */,
			);
			sourceTree = "<group>";
		};
		463E3557223550D4008ADB3C /* Products */ = {
			isa = PBXGroup;
			children = (
				463E3556223550D4008ADB3C /* DriveShare.app */,
			);
			name = Products;
			sourceTree = "<group>";
		};
		463E3558223550D4008ADB3C /* DriveShare */ = {
			isa = PBXGroup;
			children = (
				463E3559223550D4008ADB3C /* AppDelegate.swift */,
				463E356C22355245008ADB3C /* Control */,
				463E356B22355177008ADB3C /* View */,
				463E3565223550D5008ADB3C /* Info.plist */,
				463E357122355320008ADB3C /* Constants.swift */,
			);
			path = DriveShare;
			sourceTree = "<group>";
		};
		463E356B22355177008ADB3C /* View */ = {
			isa = PBXGroup;
			children = (
				463E355D223550D4008ADB3C /* Main.storyboard */,
				463E3560223550D5008ADB3C /* Assets.xcassets */,
				463E3562223550D5008ADB3C /* LaunchScreen.storyboard */,
			);
			path = View;
			sourceTree = "<group>";
		};
		463E356C22355245008ADB3C /* Control */ = {
			isa = PBXGroup;
			children = (
				463E355B223550D4008ADB3C /* ViewController.swift */,
				463E356D2235525A008ADB3C /* ConectViewController.swift */,
				463E356F223552E7008ADB3C /* OwnerHomeViewController.swift */,
			);
			path = Control;
			sourceTree = "<group>";
		};
		BE80ADF3C696A62A37C1095E /* Pods */ = {
			isa = PBXGroup;
			children = (
				7A30AB3810DF1B8671CF5D5D /* Pods-DriveShare.debug.xcconfig */,
				618B09C1EFBE55679FE0DFD5 /* Pods-DriveShare.release.xcconfig */,
			);
			name = Pods;
			sourceTree = "<group>";
		};
/* End PBXGroup section */

/* Begin PBXNativeTarget section */
		463E3555223550D4008ADB3C /* DriveShare */ = {
			isa = PBXNativeTarget;
			buildConfigurationList = 463E3568223550D5008ADB3C /* Build configuration list for PBXNativeTarget "DriveShare" */;
			buildPhases = (
				65124ED6B8E4B653601666CE /* [CP] Check Pods Manifest.lock */,
				463E3552223550D4008ADB3C /* Sources */,
				463E3553223550D4008ADB3C /* Frameworks */,
				463E3554223550D4008ADB3C /* Resources */,
				12B445CCADC7AB46C213C74D /* [CP] Embed Pods Frameworks */,
			);
			buildRules = (
			);
			dependencies = (
			);
			name = DriveShare;
			productName = DriveShare;
			productReference = 463E3556223550D4008ADB3C /* DriveShare.app */;
			productType = "com.apple.product-type.application";
		};
/* End PBXNativeTarget section */

/* Begin PBXProject section */
		463E354E223550D4008ADB3C /* Project object */ = {
			isa = PBXProject;
			attributes = {
				LastSwiftUpdateCheck = 1010;
				LastUpgradeCheck = 1010;
				ORGANIZATIONNAME = "Mehmet Sahin";
				TargetAttributes = {
					463E3555223550D4008ADB3C = {
						CreatedOnToolsVersion = 10.1;
					};
				};
			};
			buildConfigurationList = 463E3551223550D4008ADB3C /* Build configuration list for PBXProject "DriveShare" */;
			compatibilityVersion = "Xcode 9.3";
			developmentRegion = en;
			hasScannedForEncodings = 0;
			knownRegions = (
				en,
				Base,
			);
			mainGroup = 463E354D223550D4008ADB3C;
			productRefGroup = 463E3557223550D4008ADB3C /* Products */;
			projectDirPath = "";
			projectRoot = "";
			targets = (
				463E3555223550D4008ADB3C /* DriveShare */,
			);
		};
/* End PBXProject section */

/* Begin PBXResourcesBuildPhase section */
		463E3554223550D4008ADB3C /* Resources */ = {
			isa = PBXResourcesBuildPhase;
			buildActionMask = 2147483647;
			files = (
				463E3564223550D5008ADB3C /* LaunchScreen.storyboard in Resources */,
				463E3561223550D5008ADB3C /* Assets.xcassets in Resources */,
				463E355F223550D4008ADB3C /* Main.storyboard in Resources */,
			);
			runOnlyForDeploymentPostprocessing = 0;
		};
/* End PBXResourcesBuildPhase section */

/* Begin PBXShellScriptBuildPhase section */
		12B445CCADC7AB46C213C74D /* [CP] Embed Pods Frameworks */ = {
			isa = PBXShellScriptBuildPhase;
			buildActionMask = 2147483647;
			files = (
			);
			inputFileListPaths = (
			);
			inputPaths = (
				"${SRCROOT}/Pods/Target Support Files/Pods-DriveShare/Pods-DriveShare-frameworks.sh",
				"${BUILT_PRODUCTS_DIR}/Alamofire/Alamofire.framework",
				"${BUILT_PRODUCTS_DIR}/SmartcarAuth/SmartcarAuth.framework",
			);
			name = "[CP] Embed Pods Frameworks";
			outputFileListPaths = (
			);
			outputPaths = (
				"${TARGET_BUILD_DIR}/${FRAMEWORKS_FOLDER_PATH}/Alamofire.framework",
				"${TARGET_BUILD_DIR}/${FRAMEWORKS_FOLDER_PATH}/SmartcarAuth.framework",
			);
			runOnlyForDeploymentPostprocessing = 0;
			shellPath = /bin/sh;
			shellScript = "\"${SRCROOT}/Pods/Target Support Files/Pods-DriveShare/Pods-DriveShare-frameworks.sh\"\n";
			showEnvVarsInLog = 0;
		};
		65124ED6B8E4B653601666CE /* [CP] Check Pods Manifest.lock */ = {
			isa = PBXShellScriptBuildPhase;
			buildActionMask = 2147483647;
			files = (
			);
			inputFileListPaths = (
			);
			inputPaths = (
				"${PODS_PODFILE_DIR_PATH}/Podfile.lock",
				"${PODS_ROOT}/Manifest.lock",
			);
			name = "[CP] Check Pods Manifest.lock";
			outputFileListPaths = (
			);
			outputPaths = (
				"$(DERIVED_FILE_DIR)/Pods-DriveShare-checkManifestLockResult.txt",
			);
			runOnlyForDeploymentPostprocessing = 0;
			shellPath = /bin/sh;
			shellScript = "diff \"${PODS_PODFILE_DIR_PATH}/Podfile.lock\" \"${PODS_ROOT}/Manifest.lock\" > /dev/null\nif [ $? != 0 ] ; then\n    # print error to STDERR\n    echo \"error: The sandbox is not in sync with the Podfile.lock. Run 'pod install' or update your CocoaPods installation.\" >&2\n    exit 1\nfi\n# This output is used by Xcode 'outputs' to avoid re-running this script phase.\necho \"SUCCESS\" > \"${SCRIPT_OUTPUT_FILE_0}\"\n";
			showEnvVarsInLog = 0;
		};
/* End PBXShellScriptBuildPhase section */

/* Begin PBXSourcesBuildPhase section */
		463E3552223550D4008ADB3C /* Sources */ = {
			isa = PBXSourcesBuildPhase;
			buildActionMask = 2147483647;
			files = (
				463E357222355320008ADB3C /* Constants.swift in Sources */,
				463E355C223550D4008ADB3C /* ViewController.swift in Sources */,
				463E355A223550D4008ADB3C /* AppDelegate.swift in Sources */,
				463E356E2235525A008ADB3C /* ConectViewController.swift in Sources */,
				463E3570223552E7008ADB3C /* OwnerHomeViewController.swift in Sources */,
			);
			runOnlyForDeploymentPostprocessing = 0;
		};
/* End PBXSourcesBuildPhase section */

/* Begin PBXVariantGroup section */
		463E355D223550D4008ADB3C /* Main.storyboard */ = {
			isa = PBXVariantGroup;
			children = (
				463E355E223550D4008ADB3C /* Base */,
			);
			name = Main.storyboard;
			sourceTree = "<group>";
		};
		463E3562223550D5008ADB3C /* LaunchScreen.storyboard */ = {
			isa = PBXVariantGroup;
			children = (
				463E3563223550D5008ADB3C /* Base */,
			);
			name = LaunchScreen.storyboard;
			sourceTree = "<group>";
		};
/* End PBXVariantGroup section */

/* Begin XCBuildConfiguration section */
		463E3566223550D5008ADB3C /* Debug */ = {
			isa = XCBuildConfiguration;
			buildSettings = {
				ALWAYS_SEARCH_USER_PATHS = NO;
				CLANG_ANALYZER_NONNULL = YES;
				CLANG_ANALYZER_NUMBER_OBJECT_CONVERSION = YES_AGGRESSIVE;
				CLANG_CXX_LANGUAGE_STANDARD = "gnu++14";
				CLANG_CXX_LIBRARY = "libc++";
				CLANG_ENABLE_MODULES = YES;
				CLANG_ENABLE_OBJC_ARC = YES;
				CLANG_ENABLE_OBJC_WEAK = YES;
				CLANG_WARN_BLOCK_CAPTURE_AUTORELEASING = YES;
				CLANG_WARN_BOOL_CONVERSION = YES;
				CLANG_WARN_COMMA = YES;
				CLANG_WARN_CONSTANT_CONVERSION = YES;
				CLANG_WARN_DEPRECATED_OBJC_IMPLEMENTATIONS = YES;
				CLANG_WARN_DIRECT_OBJC_ISA_USAGE = YES_ERROR;
				CLANG_WARN_DOCUMENTATION_COMMENTS = YES;
				CLANG_WARN_EMPTY_BODY = YES;
				CLANG_WARN_ENUM_CONVERSION = YES;
				CLANG_WARN_INFINITE_RECURSION = YES;
				CLANG_WARN_INT_CONVERSION = YES;
				CLANG_WARN_NON_LITERAL_NULL_CONVERSION = YES;
				CLANG_WARN_OBJC_IMPLICIT_RETAIN_SELF = YES;
				CLANG_WARN_OBJC_LITERAL_CONVERSION = YES;
				CLANG_WARN_OBJC_ROOT_CLASS = YES_ERROR;
				CLANG_WARN_RANGE_LOOP_ANALYSIS = YES;
				CLANG_WARN_STRICT_PROTOTYPES = YES;
				CLANG_WARN_SUSPICIOUS_MOVE = YES;
				CLANG_WARN_UNGUARDED_AVAILABILITY = YES_AGGRESSIVE;
				CLANG_WARN_UNREACHABLE_CODE = YES;
				CLANG_WARN__DUPLICATE_METHOD_MATCH = YES;
				CODE_SIGN_IDENTITY = "iPhone Developer";
				COPY_PHASE_STRIP = NO;
				DEBUG_INFORMATION_FORMAT = dwarf;
				ENABLE_STRICT_OBJC_MSGSEND = YES;
				ENABLE_TESTABILITY = YES;
				GCC_C_LANGUAGE_STANDARD = gnu11;
				GCC_DYNAMIC_NO_PIC = NO;
				GCC_NO_COMMON_BLOCKS = YES;
				GCC_OPTIMIZATION_LEVEL = 0;
				GCC_PREPROCESSOR_DEFINITIONS = (
					"DEBUG=1",
					"$(inherited)",
				);
				GCC_WARN_64_TO_32_BIT_CONVERSION = YES;
				GCC_WARN_ABOUT_RETURN_TYPE = YES_ERROR;
				GCC_WARN_UNDECLARED_SELECTOR = YES;
				GCC_WARN_UNINITIALIZED_AUTOS = YES_AGGRESSIVE;
				GCC_WARN_UNUSED_FUNCTION = YES;
				GCC_WARN_UNUSED_VARIABLE = YES;
				IPHONEOS_DEPLOYMENT_TARGET = 12.1;
				MTL_ENABLE_DEBUG_INFO = INCLUDE_SOURCE;
				MTL_FAST_MATH = YES;
				ONLY_ACTIVE_ARCH = YES;
				SDKROOT = iphoneos;
				SWIFT_ACTIVE_COMPILATION_CONDITIONS = DEBUG;
				SWIFT_OPTIMIZATION_LEVEL = "-Onone";
			};
			name = Debug;
		};
		463E3567223550D5008ADB3C /* Release */ = {
			isa = XCBuildConfiguration;
			buildSettings = {
				ALWAYS_SEARCH_USER_PATHS = NO;
				CLANG_ANALYZER_NONNULL = YES;
				CLANG_ANALYZER_NUMBER_OBJECT_CONVERSION = YES_AGGRESSIVE;
				CLANG_CXX_LANGUAGE_STANDARD = "gnu++14";
				CLANG_CXX_LIBRARY = "libc++";
				CLANG_ENABLE_MODULES = YES;
				CLANG_ENABLE_OBJC_ARC = YES;
				CLANG_ENABLE_OBJC_WEAK = YES;
				CLANG_WARN_BLOCK_CAPTURE_AUTORELEASING = YES;
				CLANG_WARN_BOOL_CONVERSION = YES;
				CLANG_WARN_COMMA = YES;
				CLANG_WARN_CONSTANT_CONVERSION = YES;
				CLANG_WARN_DEPRECATED_OBJC_IMPLEMENTATIONS = YES;
				CLANG_WARN_DIRECT_OBJC_ISA_USAGE = YES_ERROR;
				CLANG_WARN_DOCUMENTATION_COMMENTS = YES;
				CLANG_WARN_EMPTY_BODY = YES;
				CLANG_WARN_ENUM_CONVERSION = YES;
				CLANG_WARN_INFINITE_RECURSION = YES;
				CLANG_WARN_INT_CONVERSION = YES;
				CLANG_WARN_NON_LITERAL_NULL_CONVERSION = YES;
				CLANG_WARN_OBJC_IMPLICIT_RETAIN_SELF = YES;
				CLANG_WARN_OBJC_LITERAL_CONVERSION = YES;
				CLANG_WARN_OBJC_ROOT_CLASS = YES_ERROR;
				CLANG_WARN_RANGE_LOOP_ANALYSIS = YES;
				CLANG_WARN_STRICT_PROTOTYPES = YES;
				CLANG_WARN_SUSPICIOUS_MOVE = YES;
				CLANG_WARN_UNGUARDED_AVAILABILITY = YES_AGGRESSIVE;
				CLANG_WARN_UNREACHABLE_CODE = YES;
				CLANG_WARN__DUPLICATE_METHOD_MATCH = YES;
				CODE_SIGN_IDENTITY = "iPhone Developer";
				COPY_PHASE_STRIP = NO;
				DEBUG_INFORMATION_FORMAT = "dwarf-with-dsym";
				ENABLE_NS_ASSERTIONS = NO;
				ENABLE_STRICT_OBJC_MSGSEND = YES;
				GCC_C_LANGUAGE_STANDARD = gnu11;
				GCC_NO_COMMON_BLOCKS = YES;
				GCC_WARN_64_TO_32_BIT_CONVERSION = YES;
				GCC_WARN_ABOUT_RETURN_TYPE = YES_ERROR;
				GCC_WARN_UNDECLARED_SELECTOR = YES;
				GCC_WARN_UNINITIALIZED_AUTOS = YES_AGGRESSIVE;
				GCC_WARN_UNUSED_FUNCTION = YES;
				GCC_WARN_UNUSED_VARIABLE = YES;
				IPHONEOS_DEPLOYMENT_TARGET = 12.1;
				MTL_ENABLE_DEBUG_INFO = NO;
				MTL_FAST_MATH = YES;
				SDKROOT = iphoneos;
				SWIFT_COMPILATION_MODE = wholemodule;
				SWIFT_OPTIMIZATION_LEVEL = "-O";
				VALIDATE_PRODUCT = YES;
			};
			name = Release;
		};
		463E3569223550D5008ADB3C /* Debug */ = {
			isa = XCBuildConfiguration;
			baseConfigurationReference = 7A30AB3810DF1B8671CF5D5D /* Pods-DriveShare.debug.xcconfig */;
			buildSettings = {
				ASSETCATALOG_COMPILER_APPICON_NAME = AppIcon;
				CODE_SIGN_STYLE = Automatic;
				DEVELOPMENT_TEAM = 9K88UY37C2;
				INFOPLIST_FILE = DriveShare/Info.plist;
				LD_RUNPATH_SEARCH_PATHS = (
					"$(inherited)",
					"@executable_path/Frameworks",
				);
				PRODUCT_BUNDLE_IDENTIFIER = com.mehmetsahin.DriveShare;
				PRODUCT_NAME = "$(TARGET_NAME)";
				SWIFT_VERSION = 4.2;
				TARGETED_DEVICE_FAMILY = "1,2";
			};
			name = Debug;
		};
		463E356A223550D5008ADB3C /* Release */ = {
			isa = XCBuildConfiguration;
			baseConfigurationReference = 618B09C1EFBE55679FE0DFD5 /* Pods-DriveShare.release.xcconfig */;
			buildSettings = {
				ASSETCATALOG_COMPILER_APPICON_NAME = AppIcon;
				CODE_SIGN_STYLE = Automatic;
				DEVELOPMENT_TEAM = 9K88UY37C2;
				INFOPLIST_FILE = DriveShare/Info.plist;
				LD_RUNPATH_SEARCH_PATHS = (
					"$(inherited)",
					"@executable_path/Frameworks",
				);
				PRODUCT_BUNDLE_IDENTIFIER = com.mehmetsahin.DriveShare;
				PRODUCT_NAME = "$(TARGET_NAME)";
				SWIFT_VERSION = 4.2;
				TARGETED_DEVICE_FAMILY = "1,2";
			};
			name = Release;
		};
/* End XCBuildConfiguration section */

/* Begin XCConfigurationList section */
		463E3551223550D4008ADB3C /* Build configuration list for PBXProject "DriveShare" */ = {
			isa = XCConfigurationList;
			buildConfigurations = (
				463E3566223550D5008ADB3C /* Debug */,
				463E3567223550D5008ADB3C /* Release */,
			);
			defaultConfigurationIsVisible = 0;
			defaultConfigurationName = Release;
		};
		463E3568223550D5008ADB3C /* Build configuration list for PBXNativeTarget "DriveShare" */ = {
			isa = XCConfigurationList;
			buildConfigurations = (
				463E3569223550D5008ADB3C /* Debug */,
				463E356A223550D5008ADB3C /* Release */,
			);
			defaultConfigurationIsVisible = 0;
			defaultConfigurationName = Release;
		};
/* End XCConfigurationList section */
	};
	rootObject = 463E354E223550D4008ADB3C /* Project object */;
}
